
Microsoft Visual Studio Solution File, Format Version 12.00
# Visual Studio Version 16
VisualStudioVersion = 16.0.31105.61
MinimumVisualStudioVersion = 10.0.40219.1
Project("{9A19103F-16F7-4668-BE54-9A1E7A4F7556}") = "AppGateway.View", "AppGateway.View\AppGateway.View.csproj", "{B2B08F38-AF19-4732-A5DA-D1B0806D0482}"
EndProject
Project("{9A19103F-16F7-4668-BE54-9A1E7A4F7556}") = "AppGateway.Api", "AppGateway.Api\AppGateway.Api.csproj", "{429109D1-523D-4CB5-AC4E-C3BA65ECB554}"
EndProject
Project("{9A19103F-16F7-4668-BE54-9A1E7A4F7556}") = "AppGateway.Identity", "AppGateway.Identity\AppGateway.Identity.csproj", "{3466BE63-3918-43CF-AAAA-C26612521EF5}"
EndProject
Global
	GlobalSection(SolutionConfigurationPlatforms) = preSolution
		Debug|Any CPU = Debug|Any CPU
		Release|Any CPU = Release|Any CPU
	EndGlobalSection
	GlobalSection(ProjectConfigurationPlatforms) = postSolution
		{B2B08F38-AF19-4732-A5DA-D1B0806D0482}.Debug|Any CPU.ActiveCfg = Debug|Any CPU
		{B2B08F38-AF19-4732-A5DA-D1B0806D0482}.Debug|Any CPU.Build.0 = Debug|Any CPU
		{B2B08F38-AF19-4732-A5DA-D1B0806D0482}.Release|Any CPU.ActiveCfg = Release|Any CPU
		{B2B08F38-AF19-4732-A5DA-D1B0806D0482}.Release|Any CPU.Build.0 = Release|Any CPU
		{429109D1-523D-4CB5-AC4E-C3BA65ECB554}.Debug|Any CPU.ActiveCfg = Debug|Any CPU
		{429109D1-523D-4CB5-AC4E-C3BA65ECB554}.Debug|Any CPU.Build.0 = Debug|Any CPU
		{429109D1-523D-4CB5-AC4E-C3BA65ECB554}.Release|Any CPU.ActiveCfg = Release|Any CPU
		{429109D1-523D-4CB5-AC4E-C3BA65ECB554}.Release|Any CPU.Build.0 = Release|Any CPU
		{3466BE63-3918-43CF-AAAA-C26612521EF5}.Debug|Any CPU.ActiveCfg = Debug|Any CPU
		{3466BE63-3918-43CF-AAAA-C26612521EF5}.Debug|Any CPU.Build.0 = Debug|Any CPU
		{3466BE63-3918-43CF-AAAA-C26612521EF5}.Release|Any CPU.ActiveCfg = Release|Any CPU
		{3466BE63-3918-43CF-AAAA-C26612521EF5}.Release|Any CPU.Build.0 = Release|Any CPU
	EndGlobalSection
	GlobalSection(SolutionProperties) = preSolution
		HideSolutionNode = FALSE
	EndGlobalSection
	GlobalSection(ExtensibilityGlobals) = postSolution
		SolutionGuid = {D3746DBA-03B8-4111-A041-58EBDBF381C1}
	EndGlobalSection
EndGlobal
