
Microsoft Visual Studio Solution File, Format Version 12.00
# Visual Studio 14
VisualStudioVersion = 14.0.25420.1
MinimumVisualStudioVersion = 10.0.40219.1
Project("{FAE04EC0-301F-11D3-BF4B-00C04F79EFBC}") = "EnterpriseIntegration.Ediweb", "EnterpriseIntegration.Ediweb\EnterpriseIntegration.Ediweb.csproj", "{8C21CC98-E986-411A-B253-DBF9584C4553}"
EndProject
Project("{FAE04EC0-301F-11D3-BF4B-00C04F79EFBC}") = "EnterpriseIntegration.Biztalk", "EnterpriseIntegration.Biztalk\EnterpriseIntegration.Biztalk.btproj", "{E7BD61E9-E41E-4285-B40C-2B65126D1EFA}"
EndProject
Global
	GlobalSection(SolutionConfigurationPlatforms) = preSolution
		Debug|Any CPU = Debug|Any CPU
		Release|Any CPU = Release|Any CPU
	EndGlobalSection
	GlobalSection(ProjectConfigurationPlatforms) = postSolution
		{8C21CC98-E986-411A-B253-DBF9584C4553}.Debug|Any CPU.ActiveCfg = Debug|Any CPU
		{8C21CC98-E986-411A-B253-DBF9584C4553}.Debug|Any CPU.Build.0 = Debug|Any CPU
		{8C21CC98-E986-411A-B253-DBF9584C4553}.Release|Any CPU.ActiveCfg = Release|Any CPU
		{8C21CC98-E986-411A-B253-DBF9584C4553}.Release|Any CPU.Build.0 = Release|Any CPU
		{E7BD61E9-E41E-4285-B40C-2B65126D1EFA}.Debug|Any CPU.ActiveCfg = Debug|Any CPU
		{E7BD61E9-E41E-4285-B40C-2B65126D1EFA}.Debug|Any CPU.Build.0 = Debug|Any CPU
		{E7BD61E9-E41E-4285-B40C-2B65126D1EFA}.Release|Any CPU.ActiveCfg = Release|Any CPU
		{E7BD61E9-E41E-4285-B40C-2B65126D1EFA}.Release|Any CPU.Build.0 = Release|Any CPU
	EndGlobalSection
	GlobalSection(SolutionProperties) = preSolution
		HideSolutionNode = FALSE
	EndGlobalSection
EndGlobal
