
Microsoft Visual Studio Solution File, Format Version 12.00
# Visual Studio Version 16
VisualStudioVersion = 16.0.28803.156
MinimumVisualStudioVersion = 10.0.40219.1
Project("{9A19103F-16F7-4668-BE54-9A1E7A4F7556}") = "ConstructionDiary.Web", "ConstructionDiary.Web\ConstructionDiary.Web.csproj", "{279A3293-AEA6-4C63-995D-1B545E9DAA3B}"
EndProject
Project("{9A19103F-16F7-4668-BE54-9A1E7A4F7556}") = "ConstructionDiary.Contract", "ConstructionDiary.Contract\ConstructionDiary.Contract.csproj", "{08B4CACC-5752-4D21-927B-38D8AC2AABD5}"
EndProject
Project("{9A19103F-16F7-4668-BE54-9A1E7A4F7556}") = "ConstructionDiary.Service", "ConstructionDiary.Service\ConstructionDiary.Service.csproj", "{688D2A69-15B2-4FB9-93F6-75E636339029}"
EndProject
Project("{9A19103F-16F7-4668-BE54-9A1E7A4F7556}") = "ConstructionDiary.Api", "ConstructionDiary.Api\ConstructionDiary.Api.csproj", "{645A20CC-E50C-4AA5-AA85-FF3741832ED1}"
EndProject
Project("{9A19103F-16F7-4668-BE54-9A1E7A4F7556}") = "ConstructionDiary.Model", "ConstructionDiary.Model\ConstructionDiary.Model.csproj", "{79DE521E-B7AD-4A68-85C1-07547825685A}"
EndProject
Project("{9A19103F-16F7-4668-BE54-9A1E7A4F7556}") = "ConstructionDiary.Database", "ConstructionDiary.Database\ConstructionDiary.Database.csproj", "{D00E86AE-B4CF-4891-9651-E5A8E2F59F64}"
EndProject
Project("{9A19103F-16F7-4668-BE54-9A1E7A4F7556}") = "ConstructionDiary.AspNetCore.Mvc", "ConstructionDiary.AspNetCore.Mvc\ConstructionDiary.AspNetCore.Mvc.csproj", "{25342572-E07E-4475-ACF3-336B75612496}"
EndProject
Project("{9A19103F-16F7-4668-BE54-9A1E7A4F7556}") = "ConstructionDiary.Primitives", "ConstructionDiary.Primitives\ConstructionDiary.Primitives.csproj", "{E1AED82B-5D12-4A89-9739-F69ABFEE757A}"
EndProject
Project("{9A19103F-16F7-4668-BE54-9A1E7A4F7556}") = "ConstructionDiary.Api.Contract", "ConstructionDiary.Api.Contract\ConstructionDiary.Api.Contract.csproj", "{0E1A52D4-A319-4DEC-82DC-240FACF5E4C0}"
EndProject
Project("{FAE04EC0-301F-11D3-BF4B-00C04F79EFBC}") = "ConstructionDiary.App.UWP", "ConstructionDiary.App.UWP\ConstructionDiary.App.UWP.csproj", "{61F454A3-472A-4B5A-8EF5-E97A3BBC3A0D}"
EndProject
Project("{FAE04EC0-301F-11D3-BF4B-00C04F79EFBC}") = "ConstructionDiary.App.Android", "ConstructionDiary.App.Android\ConstructionDiary.App.Android.csproj", "{C5A9B539-8500-48C2-A15B-4B1E8AB974C2}"
EndProject
Project("{9A19103F-16F7-4668-BE54-9A1E7A4F7556}") = "ConstructionDiary.App", "ConstructionDiary.App\ConstructionDiary.App.csproj", "{51F559AF-7F82-4597-A002-DB911484ABA0}"
EndProject
Project("{2150E333-8FDC-42A3-9474-1A3956D46DE8}") = "Backend", "Backend", "{89A97290-27B2-4336-B023-5990B401A8A8}"
EndProject
Project("{2150E333-8FDC-42A3-9474-1A3956D46DE8}") = "Contract", "Contract", "{991F9017-D18D-43D7-AEF2-218738A32ECB}"
EndProject
Project("{2150E333-8FDC-42A3-9474-1A3956D46DE8}") = "Web", "Web", "{D532C1A0-7480-4132-80F4-B8BA544D1ED2}"
EndProject
Project("{2150E333-8FDC-42A3-9474-1A3956D46DE8}") = "App", "App", "{79052522-2C87-4D4C-A0EA-10CB924E751D}"
EndProject
Project("{2150E333-8FDC-42A3-9474-1A3956D46DE8}") = "Common", "Common", "{1FDB5827-AA78-4F90-98E1-3883AA63A11C}"
EndProject
Project("{9A19103F-16F7-4668-BE54-9A1E7A4F7556}") = "ConstructionDiary.AspNetCore.Client", "ConstructionDiary.AspNetCore.Client\ConstructionDiary.AspNetCore.Client.csproj", "{EB228F62-3FE1-4671-8CB4-E9B8D0E45C91}"
EndProject
Project("{9A19103F-16F7-4668-BE54-9A1E7A4F7556}") = "ConstructionDiary.Api.Client", "ConstructionDiary.Api.Client\ConstructionDiary.Api.Client.csproj", "{A338A856-EC8E-4048-8356-9E0F2F72E336}"
EndProject
Global
	GlobalSection(SolutionConfigurationPlatforms) = preSolution
		Debug|Any CPU = Debug|Any CPU
		Debug|ARM = Debug|ARM
		Debug|x64 = Debug|x64
		Debug|x86 = Debug|x86
		Release|Any CPU = Release|Any CPU
		Release|ARM = Release|ARM
		Release|x64 = Release|x64
		Release|x86 = Release|x86
	EndGlobalSection
	GlobalSection(ProjectConfigurationPlatforms) = postSolution
		{279A3293-AEA6-4C63-995D-1B545E9DAA3B}.Debug|Any CPU.ActiveCfg = Debug|Any CPU
		{279A3293-AEA6-4C63-995D-1B545E9DAA3B}.Debug|Any CPU.Build.0 = Debug|Any CPU
		{279A3293-AEA6-4C63-995D-1B545E9DAA3B}.Debug|ARM.ActiveCfg = Debug|Any CPU
		{279A3293-AEA6-4C63-995D-1B545E9DAA3B}.Debug|ARM.Build.0 = Debug|Any CPU
		{279A3293-AEA6-4C63-995D-1B545E9DAA3B}.Debug|x64.ActiveCfg = Debug|Any CPU
		{279A3293-AEA6-4C63-995D-1B545E9DAA3B}.Debug|x64.Build.0 = Debug|Any CPU
		{279A3293-AEA6-4C63-995D-1B545E9DAA3B}.Debug|x86.ActiveCfg = Debug|Any CPU
		{279A3293-AEA6-4C63-995D-1B545E9DAA3B}.Debug|x86.Build.0 = Debug|Any CPU
		{279A3293-AEA6-4C63-995D-1B545E9DAA3B}.Release|Any CPU.ActiveCfg = Release|Any CPU
		{279A3293-AEA6-4C63-995D-1B545E9DAA3B}.Release|Any CPU.Build.0 = Release|Any CPU
		{279A3293-AEA6-4C63-995D-1B545E9DAA3B}.Release|ARM.ActiveCfg = Release|Any CPU
		{279A3293-AEA6-4C63-995D-1B545E9DAA3B}.Release|ARM.Build.0 = Release|Any CPU
		{279A3293-AEA6-4C63-995D-1B545E9DAA3B}.Release|x64.ActiveCfg = Release|Any CPU
		{279A3293-AEA6-4C63-995D-1B545E9DAA3B}.Release|x64.Build.0 = Release|Any CPU
		{279A3293-AEA6-4C63-995D-1B545E9DAA3B}.Release|x86.ActiveCfg = Release|Any CPU
		{279A3293-AEA6-4C63-995D-1B545E9DAA3B}.Release|x86.Build.0 = Release|Any CPU
		{08B4CACC-5752-4D21-927B-38D8AC2AABD5}.Debug|Any CPU.ActiveCfg = Debug|Any CPU
		{08B4CACC-5752-4D21-927B-38D8AC2AABD5}.Debug|Any CPU.Build.0 = Debug|Any CPU
		{08B4CACC-5752-4D21-927B-38D8AC2AABD5}.Debug|ARM.ActiveCfg = Debug|Any CPU
		{08B4CACC-5752-4D21-927B-38D8AC2AABD5}.Debug|ARM.Build.0 = Debug|Any CPU
		{08B4CACC-5752-4D21-927B-38D8AC2AABD5}.Debug|x64.ActiveCfg = Debug|Any CPU
		{08B4CACC-5752-4D21-927B-38D8AC2AABD5}.Debug|x64.Build.0 = Debug|Any CPU
		{08B4CACC-5752-4D21-927B-38D8AC2AABD5}.Debug|x86.ActiveCfg = Debug|Any CPU
		{08B4CACC-5752-4D21-927B-38D8AC2AABD5}.Debug|x86.Build.0 = Debug|Any CPU
		{08B4CACC-5752-4D21-927B-38D8AC2AABD5}.Release|Any CPU.ActiveCfg = Release|Any CPU
		{08B4CACC-5752-4D21-927B-38D8AC2AABD5}.Release|Any CPU.Build.0 = Release|Any CPU
		{08B4CACC-5752-4D21-927B-38D8AC2AABD5}.Release|ARM.ActiveCfg = Release|Any CPU
		{08B4CACC-5752-4D21-927B-38D8AC2AABD5}.Release|ARM.Build.0 = Release|Any CPU
		{08B4CACC-5752-4D21-927B-38D8AC2AABD5}.Release|x64.ActiveCfg = Release|Any CPU
		{08B4CACC-5752-4D21-927B-38D8AC2AABD5}.Release|x64.Build.0 = Release|Any CPU
		{08B4CACC-5752-4D21-927B-38D8AC2AABD5}.Release|x86.ActiveCfg = Release|Any CPU
		{08B4CACC-5752-4D21-927B-38D8AC2AABD5}.Release|x86.Build.0 = Release|Any CPU
		{688D2A69-15B2-4FB9-93F6-75E636339029}.Debug|Any CPU.ActiveCfg = Debug|Any CPU
		{688D2A69-15B2-4FB9-93F6-75E636339029}.Debug|Any CPU.Build.0 = Debug|Any CPU
		{688D2A69-15B2-4FB9-93F6-75E636339029}.Debug|ARM.ActiveCfg = Debug|Any CPU
		{688D2A69-15B2-4FB9-93F6-75E636339029}.Debug|ARM.Build.0 = Debug|Any CPU
		{688D2A69-15B2-4FB9-93F6-75E636339029}.Debug|x64.ActiveCfg = Debug|Any CPU
		{688D2A69-15B2-4FB9-93F6-75E636339029}.Debug|x64.Build.0 = Debug|Any CPU
		{688D2A69-15B2-4FB9-93F6-75E636339029}.Debug|x86.ActiveCfg = Debug|Any CPU
		{688D2A69-15B2-4FB9-93F6-75E636339029}.Debug|x86.Build.0 = Debug|Any CPU
		{688D2A69-15B2-4FB9-93F6-75E636339029}.Release|Any CPU.ActiveCfg = Release|Any CPU
		{688D2A69-15B2-4FB9-93F6-75E636339029}.Release|Any CPU.Build.0 = Release|Any CPU
		{688D2A69-15B2-4FB9-93F6-75E636339029}.Release|ARM.ActiveCfg = Release|Any CPU
		{688D2A69-15B2-4FB9-93F6-75E636339029}.Release|ARM.Build.0 = Release|Any CPU
		{688D2A69-15B2-4FB9-93F6-75E636339029}.Release|x64.ActiveCfg = Release|Any CPU
		{688D2A69-15B2-4FB9-93F6-75E636339029}.Release|x64.Build.0 = Release|Any CPU
		{688D2A69-15B2-4FB9-93F6-75E636339029}.Release|x86.ActiveCfg = Release|Any CPU
		{688D2A69-15B2-4FB9-93F6-75E636339029}.Release|x86.Build.0 = Release|Any CPU
		{645A20CC-E50C-4AA5-AA85-FF3741832ED1}.Debug|Any CPU.ActiveCfg = Debug|Any CPU
		{645A20CC-E50C-4AA5-AA85-FF3741832ED1}.Debug|Any CPU.Build.0 = Debug|Any CPU
		{645A20CC-E50C-4AA5-AA85-FF3741832ED1}.Debug|ARM.ActiveCfg = Debug|Any CPU
		{645A20CC-E50C-4AA5-AA85-FF3741832ED1}.Debug|ARM.Build.0 = Debug|Any CPU
		{645A20CC-E50C-4AA5-AA85-FF3741832ED1}.Debug|x64.ActiveCfg = Debug|Any CPU
		{645A20CC-E50C-4AA5-AA85-FF3741832ED1}.Debug|x64.Build.0 = Debug|Any CPU
		{645A20CC-E50C-4AA5-AA85-FF3741832ED1}.Debug|x86.ActiveCfg = Debug|Any CPU
		{645A20CC-E50C-4AA5-AA85-FF3741832ED1}.Debug|x86.Build.0 = Debug|Any CPU
		{645A20CC-E50C-4AA5-AA85-FF3741832ED1}.Release|Any CPU.ActiveCfg = Release|Any CPU
		{645A20CC-E50C-4AA5-AA85-FF3741832ED1}.Release|Any CPU.Build.0 = Release|Any CPU
		{645A20CC-E50C-4AA5-AA85-FF3741832ED1}.Release|ARM.ActiveCfg = Release|Any CPU
		{645A20CC-E50C-4AA5-AA85-FF3741832ED1}.Release|ARM.Build.0 = Release|Any CPU
		{645A20CC-E50C-4AA5-AA85-FF3741832ED1}.Release|x64.ActiveCfg = Release|Any CPU
		{645A20CC-E50C-4AA5-AA85-FF3741832ED1}.Release|x64.Build.0 = Release|Any CPU
		{645A20CC-E50C-4AA5-AA85-FF3741832ED1}.Release|x86.ActiveCfg = Release|Any CPU
		{645A20CC-E50C-4AA5-AA85-FF3741832ED1}.Release|x86.Build.0 = Release|Any CPU
		{79DE521E-B7AD-4A68-85C1-07547825685A}.Debug|Any CPU.ActiveCfg = Debug|Any CPU
		{79DE521E-B7AD-4A68-85C1-07547825685A}.Debug|Any CPU.Build.0 = Debug|Any CPU
		{79DE521E-B7AD-4A68-85C1-07547825685A}.Debug|ARM.ActiveCfg = Debug|Any CPU
		{79DE521E-B7AD-4A68-85C1-07547825685A}.Debug|ARM.Build.0 = Debug|Any CPU
		{79DE521E-B7AD-4A68-85C1-07547825685A}.Debug|x64.ActiveCfg = Debug|Any CPU
		{79DE521E-B7AD-4A68-85C1-07547825685A}.Debug|x64.Build.0 = Debug|Any CPU
		{79DE521E-B7AD-4A68-85C1-07547825685A}.Debug|x86.ActiveCfg = Debug|Any CPU
		{79DE521E-B7AD-4A68-85C1-07547825685A}.Debug|x86.Build.0 = Debug|Any CPU
		{79DE521E-B7AD-4A68-85C1-07547825685A}.Release|Any CPU.ActiveCfg = Release|Any CPU
		{79DE521E-B7AD-4A68-85C1-07547825685A}.Release|Any CPU.Build.0 = Release|Any CPU
		{79DE521E-B7AD-4A68-85C1-07547825685A}.Release|ARM.ActiveCfg = Release|Any CPU
		{79DE521E-B7AD-4A68-85C1-07547825685A}.Release|ARM.Build.0 = Release|Any CPU
		{79DE521E-B7AD-4A68-85C1-07547825685A}.Release|x64.ActiveCfg = Release|Any CPU
		{79DE521E-B7AD-4A68-85C1-07547825685A}.Release|x64.Build.0 = Release|Any CPU
		{79DE521E-B7AD-4A68-85C1-07547825685A}.Release|x86.ActiveCfg = Release|Any CPU
		{79DE521E-B7AD-4A68-85C1-07547825685A}.Release|x86.Build.0 = Release|Any CPU
		{D00E86AE-B4CF-4891-9651-E5A8E2F59F64}.Debug|Any CPU.ActiveCfg = Debug|Any CPU
		{D00E86AE-B4CF-4891-9651-E5A8E2F59F64}.Debug|Any CPU.Build.0 = Debug|Any CPU
		{D00E86AE-B4CF-4891-9651-E5A8E2F59F64}.Debug|ARM.ActiveCfg = Debug|Any CPU
		{D00E86AE-B4CF-4891-9651-E5A8E2F59F64}.Debug|ARM.Build.0 = Debug|Any CPU
		{D00E86AE-B4CF-4891-9651-E5A8E2F59F64}.Debug|x64.ActiveCfg = Debug|Any CPU
		{D00E86AE-B4CF-4891-9651-E5A8E2F59F64}.Debug|x64.Build.0 = Debug|Any CPU
		{D00E86AE-B4CF-4891-9651-E5A8E2F59F64}.Debug|x86.ActiveCfg = Debug|Any CPU
		{D00E86AE-B4CF-4891-9651-E5A8E2F59F64}.Debug|x86.Build.0 = Debug|Any CPU
		{D00E86AE-B4CF-4891-9651-E5A8E2F59F64}.Release|Any CPU.ActiveCfg = Release|Any CPU
		{D00E86AE-B4CF-4891-9651-E5A8E2F59F64}.Release|Any CPU.Build.0 = Release|Any CPU
		{D00E86AE-B4CF-4891-9651-E5A8E2F59F64}.Release|ARM.ActiveCfg = Release|Any CPU
		{D00E86AE-B4CF-4891-9651-E5A8E2F59F64}.Release|ARM.Build.0 = Release|Any CPU
		{D00E86AE-B4CF-4891-9651-E5A8E2F59F64}.Release|x64.ActiveCfg = Release|Any CPU
		{D00E86AE-B4CF-4891-9651-E5A8E2F59F64}.Release|x64.Build.0 = Release|Any CPU
		{D00E86AE-B4CF-4891-9651-E5A8E2F59F64}.Release|x86.ActiveCfg = Release|Any CPU
		{D00E86AE-B4CF-4891-9651-E5A8E2F59F64}.Release|x86.Build.0 = Release|Any CPU
		{25342572-E07E-4475-ACF3-336B75612496}.Debug|Any CPU.ActiveCfg = Debug|Any CPU
		{25342572-E07E-4475-ACF3-336B75612496}.Debug|Any CPU.Build.0 = Debug|Any CPU
		{25342572-E07E-4475-ACF3-336B75612496}.Debug|ARM.ActiveCfg = Debug|Any CPU
		{25342572-E07E-4475-ACF3-336B75612496}.Debug|ARM.Build.0 = Debug|Any CPU
		{25342572-E07E-4475-ACF3-336B75612496}.Debug|x64.ActiveCfg = Debug|Any CPU
		{25342572-E07E-4475-ACF3-336B75612496}.Debug|x64.Build.0 = Debug|Any CPU
		{25342572-E07E-4475-ACF3-336B75612496}.Debug|x86.ActiveCfg = Debug|Any CPU
		{25342572-E07E-4475-ACF3-336B75612496}.Debug|x86.Build.0 = Debug|Any CPU
		{25342572-E07E-4475-ACF3-336B75612496}.Release|Any CPU.ActiveCfg = Release|Any CPU
		{25342572-E07E-4475-ACF3-336B75612496}.Release|Any CPU.Build.0 = Release|Any CPU
		{25342572-E07E-4475-ACF3-336B75612496}.Release|ARM.ActiveCfg = Release|Any CPU
		{25342572-E07E-4475-ACF3-336B75612496}.Release|ARM.Build.0 = Release|Any CPU
		{25342572-E07E-4475-ACF3-336B75612496}.Release|x64.ActiveCfg = Release|Any CPU
		{25342572-E07E-4475-ACF3-336B75612496}.Release|x64.Build.0 = Release|Any CPU
		{25342572-E07E-4475-ACF3-336B75612496}.Release|x86.ActiveCfg = Release|Any CPU
		{25342572-E07E-4475-ACF3-336B75612496}.Release|x86.Build.0 = Release|Any CPU
		{E1AED82B-5D12-4A89-9739-F69ABFEE757A}.Debug|Any CPU.ActiveCfg = Debug|Any CPU
		{E1AED82B-5D12-4A89-9739-F69ABFEE757A}.Debug|Any CPU.Build.0 = Debug|Any CPU
		{E1AED82B-5D12-4A89-9739-F69ABFEE757A}.Debug|ARM.ActiveCfg = Debug|Any CPU
		{E1AED82B-5D12-4A89-9739-F69ABFEE757A}.Debug|ARM.Build.0 = Debug|Any CPU
		{E1AED82B-5D12-4A89-9739-F69ABFEE757A}.Debug|x64.ActiveCfg = Debug|Any CPU
		{E1AED82B-5D12-4A89-9739-F69ABFEE757A}.Debug|x64.Build.0 = Debug|Any CPU
		{E1AED82B-5D12-4A89-9739-F69ABFEE757A}.Debug|x86.ActiveCfg = Debug|Any CPU
		{E1AED82B-5D12-4A89-9739-F69ABFEE757A}.Debug|x86.Build.0 = Debug|Any CPU
		{E1AED82B-5D12-4A89-9739-F69ABFEE757A}.Release|Any CPU.ActiveCfg = Release|Any CPU
		{E1AED82B-5D12-4A89-9739-F69ABFEE757A}.Release|Any CPU.Build.0 = Release|Any CPU
		{E1AED82B-5D12-4A89-9739-F69ABFEE757A}.Release|ARM.ActiveCfg = Release|Any CPU
		{E1AED82B-5D12-4A89-9739-F69ABFEE757A}.Release|ARM.Build.0 = Release|Any CPU
		{E1AED82B-5D12-4A89-9739-F69ABFEE757A}.Release|x64.ActiveCfg = Release|Any CPU
		{E1AED82B-5D12-4A89-9739-F69ABFEE757A}.Release|x64.Build.0 = Release|Any CPU
		{E1AED82B-5D12-4A89-9739-F69ABFEE757A}.Release|x86.ActiveCfg = Release|Any CPU
		{E1AED82B-5D12-4A89-9739-F69ABFEE757A}.Release|x86.Build.0 = Release|Any CPU
		{0E1A52D4-A319-4DEC-82DC-240FACF5E4C0}.Debug|Any CPU.ActiveCfg = Debug|Any CPU
		{0E1A52D4-A319-4DEC-82DC-240FACF5E4C0}.Debug|Any CPU.Build.0 = Debug|Any CPU
		{0E1A52D4-A319-4DEC-82DC-240FACF5E4C0}.Debug|ARM.ActiveCfg = Debug|Any CPU
		{0E1A52D4-A319-4DEC-82DC-240FACF5E4C0}.Debug|ARM.Build.0 = Debug|Any CPU
		{0E1A52D4-A319-4DEC-82DC-240FACF5E4C0}.Debug|x64.ActiveCfg = Debug|Any CPU
		{0E1A52D4-A319-4DEC-82DC-240FACF5E4C0}.Debug|x64.Build.0 = Debug|Any CPU
		{0E1A52D4-A319-4DEC-82DC-240FACF5E4C0}.Debug|x86.ActiveCfg = Debug|Any CPU
		{0E1A52D4-A319-4DEC-82DC-240FACF5E4C0}.Debug|x86.Build.0 = Debug|Any CPU
		{0E1A52D4-A319-4DEC-82DC-240FACF5E4C0}.Release|Any CPU.ActiveCfg = Release|Any CPU
		{0E1A52D4-A319-4DEC-82DC-240FACF5E4C0}.Release|Any CPU.Build.0 = Release|Any CPU
		{0E1A52D4-A319-4DEC-82DC-240FACF5E4C0}.Release|ARM.ActiveCfg = Release|Any CPU
		{0E1A52D4-A319-4DEC-82DC-240FACF5E4C0}.Release|ARM.Build.0 = Release|Any CPU
		{0E1A52D4-A319-4DEC-82DC-240FACF5E4C0}.Release|x64.ActiveCfg = Release|Any CPU
		{0E1A52D4-A319-4DEC-82DC-240FACF5E4C0}.Release|x64.Build.0 = Release|Any CPU
		{0E1A52D4-A319-4DEC-82DC-240FACF5E4C0}.Release|x86.ActiveCfg = Release|Any CPU
		{0E1A52D4-A319-4DEC-82DC-240FACF5E4C0}.Release|x86.Build.0 = Release|Any CPU
		{61F454A3-472A-4B5A-8EF5-E97A3BBC3A0D}.Debug|Any CPU.ActiveCfg = Debug|x64
		{61F454A3-472A-4B5A-8EF5-E97A3BBC3A0D}.Debug|Any CPU.Build.0 = Debug|x64
		{61F454A3-472A-4B5A-8EF5-E97A3BBC3A0D}.Debug|Any CPU.Deploy.0 = Debug|x64
		{61F454A3-472A-4B5A-8EF5-E97A3BBC3A0D}.Debug|ARM.ActiveCfg = Debug|ARM
		{61F454A3-472A-4B5A-8EF5-E97A3BBC3A0D}.Debug|ARM.Build.0 = Debug|ARM
		{61F454A3-472A-4B5A-8EF5-E97A3BBC3A0D}.Debug|ARM.Deploy.0 = Debug|ARM
		{61F454A3-472A-4B5A-8EF5-E97A3BBC3A0D}.Debug|x64.ActiveCfg = Debug|x64
		{61F454A3-472A-4B5A-8EF5-E97A3BBC3A0D}.Debug|x64.Build.0 = Debug|x64
		{61F454A3-472A-4B5A-8EF5-E97A3BBC3A0D}.Debug|x64.Deploy.0 = Debug|x64
		{61F454A3-472A-4B5A-8EF5-E97A3BBC3A0D}.Debug|x86.ActiveCfg = Debug|x86
		{61F454A3-472A-4B5A-8EF5-E97A3BBC3A0D}.Debug|x86.Build.0 = Debug|x86
		{61F454A3-472A-4B5A-8EF5-E97A3BBC3A0D}.Debug|x86.Deploy.0 = Debug|x86
		{61F454A3-472A-4B5A-8EF5-E97A3BBC3A0D}.Release|Any CPU.ActiveCfg = Release|x86
		{61F454A3-472A-4B5A-8EF5-E97A3BBC3A0D}.Release|ARM.ActiveCfg = Release|ARM
		{61F454A3-472A-4B5A-8EF5-E97A3BBC3A0D}.Release|ARM.Build.0 = Release|ARM
		{61F454A3-472A-4B5A-8EF5-E97A3BBC3A0D}.Release|ARM.Deploy.0 = Release|ARM
		{61F454A3-472A-4B5A-8EF5-E97A3BBC3A0D}.Release|x64.ActiveCfg = Release|x64
		{61F454A3-472A-4B5A-8EF5-E97A3BBC3A0D}.Release|x64.Build.0 = Release|x64
		{61F454A3-472A-4B5A-8EF5-E97A3BBC3A0D}.Release|x64.Deploy.0 = Release|x64
		{61F454A3-472A-4B5A-8EF5-E97A3BBC3A0D}.Release|x86.ActiveCfg = Release|x86
		{61F454A3-472A-4B5A-8EF5-E97A3BBC3A0D}.Release|x86.Build.0 = Release|x86
		{61F454A3-472A-4B5A-8EF5-E97A3BBC3A0D}.Release|x86.Deploy.0 = Release|x86
		{C5A9B539-8500-48C2-A15B-4B1E8AB974C2}.Debug|Any CPU.ActiveCfg = Debug|Any CPU
		{C5A9B539-8500-48C2-A15B-4B1E8AB974C2}.Debug|Any CPU.Build.0 = Debug|Any CPU
		{C5A9B539-8500-48C2-A15B-4B1E8AB974C2}.Debug|Any CPU.Deploy.0 = Debug|Any CPU
		{C5A9B539-8500-48C2-A15B-4B1E8AB974C2}.Debug|ARM.ActiveCfg = Debug|Any CPU
		{C5A9B539-8500-48C2-A15B-4B1E8AB974C2}.Debug|ARM.Build.0 = Debug|Any CPU
		{C5A9B539-8500-48C2-A15B-4B1E8AB974C2}.Debug|ARM.Deploy.0 = Debug|Any CPU
		{C5A9B539-8500-48C2-A15B-4B1E8AB974C2}.Debug|x64.ActiveCfg = Debug|Any CPU
		{C5A9B539-8500-48C2-A15B-4B1E8AB974C2}.Debug|x64.Build.0 = Debug|Any CPU
		{C5A9B539-8500-48C2-A15B-4B1E8AB974C2}.Debug|x64.Deploy.0 = Debug|Any CPU
		{C5A9B539-8500-48C2-A15B-4B1E8AB974C2}.Debug|x86.ActiveCfg = Debug|Any CPU
		{C5A9B539-8500-48C2-A15B-4B1E8AB974C2}.Debug|x86.Build.0 = Debug|Any CPU
		{C5A9B539-8500-48C2-A15B-4B1E8AB974C2}.Debug|x86.Deploy.0 = Debug|Any CPU
		{C5A9B539-8500-48C2-A15B-4B1E8AB974C2}.Release|Any CPU.ActiveCfg = Release|Any CPU
		{C5A9B539-8500-48C2-A15B-4B1E8AB974C2}.Release|Any CPU.Build.0 = Release|Any CPU
		{C5A9B539-8500-48C2-A15B-4B1E8AB974C2}.Release|Any CPU.Deploy.0 = Release|Any CPU
		{C5A9B539-8500-48C2-A15B-4B1E8AB974C2}.Release|ARM.ActiveCfg = Release|Any CPU
		{C5A9B539-8500-48C2-A15B-4B1E8AB974C2}.Release|ARM.Build.0 = Release|Any CPU
		{C5A9B539-8500-48C2-A15B-4B1E8AB974C2}.Release|ARM.Deploy.0 = Release|Any CPU
		{C5A9B539-8500-48C2-A15B-4B1E8AB974C2}.Release|x64.ActiveCfg = Release|Any CPU
		{C5A9B539-8500-48C2-A15B-4B1E8AB974C2}.Release|x64.Build.0 = Release|Any CPU
		{C5A9B539-8500-48C2-A15B-4B1E8AB974C2}.Release|x64.Deploy.0 = Release|Any CPU
		{C5A9B539-8500-48C2-A15B-4B1E8AB974C2}.Release|x86.ActiveCfg = Release|Any CPU
		{C5A9B539-8500-48C2-A15B-4B1E8AB974C2}.Release|x86.Build.0 = Release|Any CPU
		{C5A9B539-8500-48C2-A15B-4B1E8AB974C2}.Release|x86.Deploy.0 = Release|Any CPU
		{51F559AF-7F82-4597-A002-DB911484ABA0}.Debug|Any CPU.ActiveCfg = Debug|Any CPU
		{51F559AF-7F82-4597-A002-DB911484ABA0}.Debug|Any CPU.Build.0 = Debug|Any CPU
		{51F559AF-7F82-4597-A002-DB911484ABA0}.Debug|ARM.ActiveCfg = Debug|Any CPU
		{51F559AF-7F82-4597-A002-DB911484ABA0}.Debug|ARM.Build.0 = Debug|Any CPU
		{51F559AF-7F82-4597-A002-DB911484ABA0}.Debug|x64.ActiveCfg = Debug|Any CPU
		{51F559AF-7F82-4597-A002-DB911484ABA0}.Debug|x64.Build.0 = Debug|Any CPU
		{51F559AF-7F82-4597-A002-DB911484ABA0}.Debug|x86.ActiveCfg = Debug|Any CPU
		{51F559AF-7F82-4597-A002-DB911484ABA0}.Debug|x86.Build.0 = Debug|Any CPU
		{51F559AF-7F82-4597-A002-DB911484ABA0}.Release|Any CPU.ActiveCfg = Release|Any CPU
		{51F559AF-7F82-4597-A002-DB911484ABA0}.Release|Any CPU.Build.0 = Release|Any CPU
		{51F559AF-7F82-4597-A002-DB911484ABA0}.Release|ARM.ActiveCfg = Release|Any CPU
		{51F559AF-7F82-4597-A002-DB911484ABA0}.Release|ARM.Build.0 = Release|Any CPU
		{51F559AF-7F82-4597-A002-DB911484ABA0}.Release|x64.ActiveCfg = Release|Any CPU
		{51F559AF-7F82-4597-A002-DB911484ABA0}.Release|x64.Build.0 = Release|Any CPU
		{51F559AF-7F82-4597-A002-DB911484ABA0}.Release|x86.ActiveCfg = Release|Any CPU
		{51F559AF-7F82-4597-A002-DB911484ABA0}.Release|x86.Build.0 = Release|Any CPU
		{EB228F62-3FE1-4671-8CB4-E9B8D0E45C91}.Debug|Any CPU.ActiveCfg = Debug|Any CPU
		{EB228F62-3FE1-4671-8CB4-E9B8D0E45C91}.Debug|Any CPU.Build.0 = Debug|Any CPU
		{EB228F62-3FE1-4671-8CB4-E9B8D0E45C91}.Debug|ARM.ActiveCfg = Debug|Any CPU
		{EB228F62-3FE1-4671-8CB4-E9B8D0E45C91}.Debug|ARM.Build.0 = Debug|Any CPU
		{EB228F62-3FE1-4671-8CB4-E9B8D0E45C91}.Debug|x64.ActiveCfg = Debug|Any CPU
		{EB228F62-3FE1-4671-8CB4-E9B8D0E45C91}.Debug|x64.Build.0 = Debug|Any CPU
		{EB228F62-3FE1-4671-8CB4-E9B8D0E45C91}.Debug|x86.ActiveCfg = Debug|Any CPU
		{EB228F62-3FE1-4671-8CB4-E9B8D0E45C91}.Debug|x86.Build.0 = Debug|Any CPU
		{EB228F62-3FE1-4671-8CB4-E9B8D0E45C91}.Release|Any CPU.ActiveCfg = Release|Any CPU
		{EB228F62-3FE1-4671-8CB4-E9B8D0E45C91}.Release|Any CPU.Build.0 = Release|Any CPU
		{EB228F62-3FE1-4671-8CB4-E9B8D0E45C91}.Release|ARM.ActiveCfg = Release|Any CPU
		{EB228F62-3FE1-4671-8CB4-E9B8D0E45C91}.Release|ARM.Build.0 = Release|Any CPU
		{EB228F62-3FE1-4671-8CB4-E9B8D0E45C91}.Release|x64.ActiveCfg = Release|Any CPU
		{EB228F62-3FE1-4671-8CB4-E9B8D0E45C91}.Release|x64.Build.0 = Release|Any CPU
		{EB228F62-3FE1-4671-8CB4-E9B8D0E45C91}.Release|x86.ActiveCfg = Release|Any CPU
		{EB228F62-3FE1-4671-8CB4-E9B8D0E45C91}.Release|x86.Build.0 = Release|Any CPU
		{A338A856-EC8E-4048-8356-9E0F2F72E336}.Debug|Any CPU.ActiveCfg = Debug|Any CPU
		{A338A856-EC8E-4048-8356-9E0F2F72E336}.Debug|Any CPU.Build.0 = Debug|Any CPU
		{A338A856-EC8E-4048-8356-9E0F2F72E336}.Debug|ARM.ActiveCfg = Debug|Any CPU
		{A338A856-EC8E-4048-8356-9E0F2F72E336}.Debug|ARM.Build.0 = Debug|Any CPU
		{A338A856-EC8E-4048-8356-9E0F2F72E336}.Debug|x64.ActiveCfg = Debug|Any CPU
		{A338A856-EC8E-4048-8356-9E0F2F72E336}.Debug|x64.Build.0 = Debug|Any CPU
		{A338A856-EC8E-4048-8356-9E0F2F72E336}.Debug|x86.ActiveCfg = Debug|Any CPU
		{A338A856-EC8E-4048-8356-9E0F2F72E336}.Debug|x86.Build.0 = Debug|Any CPU
		{A338A856-EC8E-4048-8356-9E0F2F72E336}.Release|Any CPU.ActiveCfg = Release|Any CPU
		{A338A856-EC8E-4048-8356-9E0F2F72E336}.Release|Any CPU.Build.0 = Release|Any CPU
		{A338A856-EC8E-4048-8356-9E0F2F72E336}.Release|ARM.ActiveCfg = Release|Any CPU
		{A338A856-EC8E-4048-8356-9E0F2F72E336}.Release|ARM.Build.0 = Release|Any CPU
		{A338A856-EC8E-4048-8356-9E0F2F72E336}.Release|x64.ActiveCfg = Release|Any CPU
		{A338A856-EC8E-4048-8356-9E0F2F72E336}.Release|x64.Build.0 = Release|Any CPU
		{A338A856-EC8E-4048-8356-9E0F2F72E336}.Release|x86.ActiveCfg = Release|Any CPU
		{A338A856-EC8E-4048-8356-9E0F2F72E336}.Release|x86.Build.0 = Release|Any CPU
	EndGlobalSection
	GlobalSection(SolutionProperties) = preSolution
		HideSolutionNode = FALSE
	EndGlobalSection
	GlobalSection(NestedProjects) = preSolution
		{279A3293-AEA6-4C63-995D-1B545E9DAA3B} = {D532C1A0-7480-4132-80F4-B8BA544D1ED2}
		{08B4CACC-5752-4D21-927B-38D8AC2AABD5} = {991F9017-D18D-43D7-AEF2-218738A32ECB}
		{688D2A69-15B2-4FB9-93F6-75E636339029} = {89A97290-27B2-4336-B023-5990B401A8A8}
		{645A20CC-E50C-4AA5-AA85-FF3741832ED1} = {89A97290-27B2-4336-B023-5990B401A8A8}
		{79DE521E-B7AD-4A68-85C1-07547825685A} = {1FDB5827-AA78-4F90-98E1-3883AA63A11C}
		{D00E86AE-B4CF-4891-9651-E5A8E2F59F64} = {89A97290-27B2-4336-B023-5990B401A8A8}
		{25342572-E07E-4475-ACF3-336B75612496} = {1FDB5827-AA78-4F90-98E1-3883AA63A11C}
		{E1AED82B-5D12-4A89-9739-F69ABFEE757A} = {1FDB5827-AA78-4F90-98E1-3883AA63A11C}
		{0E1A52D4-A319-4DEC-82DC-240FACF5E4C0} = {991F9017-D18D-43D7-AEF2-218738A32ECB}
		{61F454A3-472A-4B5A-8EF5-E97A3BBC3A0D} = {79052522-2C87-4D4C-A0EA-10CB924E751D}
		{C5A9B539-8500-48C2-A15B-4B1E8AB974C2} = {79052522-2C87-4D4C-A0EA-10CB924E751D}
		{51F559AF-7F82-4597-A002-DB911484ABA0} = {79052522-2C87-4D4C-A0EA-10CB924E751D}
		{EB228F62-3FE1-4671-8CB4-E9B8D0E45C91} = {1FDB5827-AA78-4F90-98E1-3883AA63A11C}
		{A338A856-EC8E-4048-8356-9E0F2F72E336} = {89A97290-27B2-4336-B023-5990B401A8A8}
	EndGlobalSection
	GlobalSection(ExtensibilityGlobals) = postSolution
		SolutionGuid = {FEC9FB91-E18A-4AA2-9F42-B5744D5BD2D0}
	EndGlobalSection
EndGlobal
